// !$*UTF8*$!
{
	archiveVersion = 1;
	classes = {
	};
	objectVersion = 50;
	objects = {

/* Begin PBXBuildFile section */
		5779419421CA6FB00081D443 /* AppDelegate.swift in Sources */ = {isa = PBXBuildFile; fileRef = 5779419321CA6FB00081D443 /* AppDelegate.swift */; };
		5779419621CA6FB00081D443 /* ViewController.swift in Sources */ = {isa = PBXBuildFile; fileRef = 5779419521CA6FB00081D443 /* ViewController.swift */; };
		5779419921CA6FB00081D443 /* Main.storyboard in Resources */ = {isa = PBXBuildFile; fileRef = 5779419721CA6FB00081D443 /* Main.storyboard */; };
		5779419B21CA6FB40081D443 /* Assets.xcassets in Resources */ = {isa = PBXBuildFile; fileRef = 5779419A21CA6FB40081D443 /* Assets.xcassets */; };
		5779419E21CA6FB40081D443 /* LaunchScreen.storyboard in Resources */ = {isa = PBXBuildFile; fileRef = 5779419C21CA6FB40081D443 /* LaunchScreen.storyboard */; };
		577941A921CA6FB40081D443 /* gitnewTests.swift in Sources */ = {isa = PBXBuildFile; fileRef = 577941A821CA6FB40081D443 /* gitnewTests.swift */; };
		577941B421CA6FB40081D443 /* gitnewUITests.swift in Sources */ = {isa = PBXBuildFile; fileRef = 577941B321CA6FB40081D443 /* gitnewUITests.swift */; };
/* End PBXBuildFile section */

/* Begin PBXContainerItemProxy section */
		577941A521CA6FB40081D443 /* PBXContainerItemProxy */ = {
			isa = PBXContainerItemProxy;
			containerPortal = 5779418821CA6FB00081D443 /* Project object */;
			proxyType = 1;
			remoteGlobalIDString = 5779418F21CA6FB00081D443;
			remoteInfo = gitnew;
		};
		577941B021CA6FB40081D443 /* PBXContainerItemProxy */ = {
			isa = PBXContainerItemProxy;
			containerPortal = 5779418821CA6FB00081D443 /* Project object */;
			proxyType = 1;
			remoteGlobalIDString = 5779418F21CA6FB00081D443;
			remoteInfo = gitnew;
		};
/* End PBXContainerItemProxy section */

/* Begin PBXFileReference section */
		5779419021CA6FB00081D443 /* gitnew.app */ = {isa = PBXFileReference; explicitFileType = wrapper.application; includeInIndex = 0; path = gitnew.app; sourceTree = BUILT_PRODUCTS_DIR; };
		5779419321CA6FB00081D443 /* AppDelegate.swift */ = {isa = PBXFileReference; lastKnownFileType = sourcecode.swift; path = AppDelegate.swift; sourceTree = "<group>"; };
		5779419521CA6FB00081D443 /* ViewController.swift */ = {isa = PBXFileReference; lastKnownFileType = sourcecode.swift; path = ViewController.swift; sourceTree = "<group>"; };
		5779419821CA6FB00081D443 /* Base */ = {isa = PBXFileReference; lastKnownFileType = file.storyboard; name = Base; path = Base.lproj/Main.storyboard; sourceTree = "<group>"; };
		5779419A21CA6FB40081D443 /* Assets.xcassets */ = {isa = PBXFileReference; lastKnownFileType = folder.assetcatalog; path = Assets.xcassets; sourceTree = "<group>"; };
		5779419D21CA6FB40081D443 /* Base */ = {isa = PBXFileReference; lastKnownFileType = file.storyboard; name = Base; path = Base.lproj/LaunchScreen.storyboard; sourceTree = "<group>"; };
		5779419F21CA6FB40081D443 /* Info.plist */ = {isa = PBXFileReference; lastKnownFileType = text.plist.xml; path = Info.plist; sourceTree = "<group>"; };
		577941A421CA6FB40081D443 /* gitnewTests.xctest */ = {isa = PBXFileReference; explicitFileType = wrapper.cfbundle; includeInIndex = 0; path = gitnewTests.xctest; sourceTree = BUILT_PRODUCTS_DIR; };
		577941A821CA6FB40081D443 /* gitnewTests.swift */ = {isa = PBXFileReference; lastKnownFileType = sourcecode.swift; path = gitnewTests.swift; sourceTree = "<group>"; };
		577941AA21CA6FB40081D443 /* Info.plist */ = {isa = PBXFileReference; lastKnownFileType = text.plist.xml; path = Info.plist; sourceTree = "<group>"; };
		577941AF21CA6FB40081D443 /* gitnewUITests.xctest */ = {isa = PBXFileReference; explicitFileType = wrapper.cfbundle; includeInIndex = 0; path = gitnewUITests.xctest; sourceTree = BUILT_PRODUCTS_DIR; };
		577941B321CA6FB40081D443 /* gitnewUITests.swift */ = {isa = PBXFileReference; lastKnownFileType = sourcecode.swift; path = gitnewUITests.swift; sourceTree = "<group>"; };
		577941B521CA6FB40081D443 /* Info.plist */ = {isa = PBXFileReference; lastKnownFileType = text.plist.xml; path = Info.plist; sourceTree = "<group>"; };
/* End PBXFileReference section */

/* Begin PBXFrameworksBuildPhase section */
		5779418D21CA6FB00081D443 /* Frameworks */ = {
			isa = PBXFrameworksBuildPhase;
			buildActionMask = 2147483647;
			files = (
			);
			runOnlyForDeploymentPostprocessing = 0;
		};
		577941A121CA6FB40081D443 /* Frameworks */ = {
			isa = PBXFrameworksBuildPhase;
			buildActionMask = 2147483647;
			files = (
			);
			runOnlyForDeploymentPostprocessing = 0;
		};
		577941AC21CA6FB40081D443 /* Frameworks */ = {
			isa = PBXFrameworksBuildPhase;
			buildActionMask = 2147483647;
			files = (
			);
			runOnlyForDeploymentPostprocessing = 0;
		};
/* End PBXFrameworksBuildPhase section */

/* Begin PBXGroup section */
		5779418721CA6FB00081D443 = {
			isa = PBXGroup;
			children = (
				5779419221CA6FB00081D443 /* gitnew */,
				577941A721CA6FB40081D443 /* gitnewTests */,
				577941B221CA6FB40081D443 /* gitnewUITests */,
				5779419121CA6FB00081D443 /* Products */,
			);
			sourceTree = "<group>";
		};
		5779419121CA6FB00081D443 /* Products */ = {
			isa = PBXGroup;
			children = (
				5779419021CA6FB00081D443 /* gitnew.app */,
				577941A421CA6FB40081D443 /* gitnewTests.xctest */,
				577941AF21CA6FB40081D443 /* gitnewUITests.xctest */,
			);
			name = Products;
			sourceTree = "<group>";
		};
		5779419221CA6FB00081D443 /* gitnew */ = {
			isa = PBXGroup;
			children = (
				5779419321CA6FB00081D443 /* AppDelegate.swift */,
				5779419521CA6FB00081D443 /* ViewController.swift */,
				5779419721CA6FB00081D443 /* Main.storyboard */,
				5779419A21CA6FB40081D443 /* Assets.xcassets */,
				5779419C21CA6FB40081D443 /* LaunchScreen.storyboard */,
				5779419F21CA6FB40081D443 /* Info.plist */,
			);
			path = gitnew;
			sourceTree = "<group>";
		};
		577941A721CA6FB40081D443 /* gitnewTests */ = {
			isa = PBXGroup;
			children = (
				577941A821CA6FB40081D443 /* gitnewTests.swift */,
				577941AA21CA6FB40081D443 /* Info.plist */,
			);
			path = gitnewTests;
			sourceTree = "<group>";
		};
		577941B221CA6FB40081D443 /* gitnewUITests */ = {
			isa = PBXGroup;
			children = (
				577941B321CA6FB40081D443 /* gitnewUITests.swift */,
				577941B521CA6FB40081D443 /* Info.plist */,
			);
			path = gitnewUITests;
			sourceTree = "<group>";
		};
/* End PBXGroup section */

/* Begin PBXNativeTarget section */
		5779418F21CA6FB00081D443 /* gitnew */ = {
			isa = PBXNativeTarget;
			buildConfigurationList = 577941B821CA6FB40081D443 /* Build configuration list for PBXNativeTarget "gitnew" */;
			buildPhases = (
				5779418C21CA6FB00081D443 /* Sources */,
				5779418D21CA6FB00081D443 /* Frameworks */,
				5779418E21CA6FB00081D443 /* Resources */,
			);
			buildRules = (
			);
			dependencies = (
			);
			name = gitnew;
			productName = gitnew;
			productReference = 5779419021CA6FB00081D443 /* gitnew.app */;
			productType = "com.apple.product-type.application";
		};
		577941A321CA6FB40081D443 /* gitnewTests */ = {
			isa = PBXNativeTarget;
			buildConfigurationList = 577941BB21CA6FB40081D443 /* Build configuration list for PBXNativeTarget "gitnewTests" */;
			buildPhases = (
				577941A021CA6FB40081D443 /* Sources */,
				577941A121CA6FB40081D443 /* Frameworks */,
				577941A221CA6FB40081D443 /* Resources */,
			);
			buildRules = (
			);
			dependencies = (
				577941A621CA6FB40081D443 /* PBXTargetDependency */,
			);
			name = gitnewTests;
			productName = gitnewTests;
			productReference = 577941A421CA6FB40081D443 /* gitnewTests.xctest */;
			productType = "com.apple.product-type.bundle.unit-test";
		};
		577941AE21CA6FB40081D443 /* gitnewUITests */ = {
			isa = PBXNativeTarget;
			buildConfigurationList = 577941BE21CA6FB40081D443 /* Build configuration list for PBXNativeTarget "gitnewUITests" */;
			buildPhases = (
				577941AB21CA6FB40081D443 /* Sources */,
				577941AC21CA6FB40081D443 /* Frameworks */,
				577941AD21CA6FB40081D443 /* Resources */,
			);
			buildRules = (
			);
			dependencies = (
				577941B121CA6FB40081D443 /* PBXTargetDependency */,
			);
			name = gitnewUITests;
			productName = gitnewUITests;
			productReference = 577941AF21CA6FB40081D443 /* gitnewUITests.xctest */;
			productType = "com.apple.product-type.bundle.ui-testing";
		};
/* End PBXNativeTarget section */

/* Begin PBXProject section */
		5779418821CA6FB00081D443 /* Project object */ = {
			isa = PBXProject;
			attributes = {
				LastSwiftUpdateCheck = 0940;
				LastUpgradeCheck = 0940;
				ORGANIZATIONNAME = "saranga geeganage";
				TargetAttributes = {
					5779418F21CA6FB00081D443 = {
						CreatedOnToolsVersion = 9.4.1;
					};
					577941A321CA6FB40081D443 = {
						CreatedOnToolsVersion = 9.4.1;
						TestTargetID = 5779418F21CA6FB00081D443;
					};
					577941AE21CA6FB40081D443 = {
						CreatedOnToolsVersion = 9.4.1;
						TestTargetID = 5779418F21CA6FB00081D443;
					};
				};
			};
			buildConfigurationList = 5779418B21CA6FB00081D443 /* Build configuration list for PBXProject "gitnew" */;
			compatibilityVersion = "Xcode 9.3";
			developmentRegion = en;
			hasScannedForEncodings = 0;
			knownRegions = (
				en,
				Base,
			);
			mainGroup = 5779418721CA6FB00081D443;
			productRefGroup = 5779419121CA6FB00081D443 /* Products */;
			projectDirPath = "";
			projectRoot = "";
			targets = (
				5779418F21CA6FB00081D443 /* gitnew */,
				577941A321CA6FB40081D443 /* gitnewTests */,
				577941AE21CA6FB40081D443 /* gitnewUITests */,
			);
		};
/* End PBXProject section */

/* Begin PBXResourcesBuildPhase section */
		5779418E21CA6FB00081D443 /* Resources */ = {
			isa = PBXResourcesBuildPhase;
			buildActionMask = 2147483647;
			files = (
				5779419E21CA6FB40081D443 /* LaunchScreen.storyboard in Resources */,
				5779419B21CA6FB40081D443 /* Assets.xcassets in Resources */,
				5779419921CA6FB00081D443 /* Main.storyboard in Resources */,
			);
			runOnlyForDeploymentPostprocessing = 0;
		};
		577941A221CA6FB40081D443 /* Resources */ = {
			isa = PBXResourcesBuildPhase;
			buildActionMask = 2147483647;
			files = (
			);
			runOnlyForDeploymentPostprocessing = 0;
		};
		577941AD21CA6FB40081D443 /* Resources */ = {
			isa = PBXResourcesBuildPhase;
			buildActionMask = 2147483647;
			files = (
			);
			runOnlyForDeploymentPostprocessing = 0;
		};
/* End PBXResourcesBuildPhase section */

/* Begin PBXSourcesBuildPhase section */
		5779418C21CA6FB00081D443 /* Sources */ = {
			isa = PBXSourcesBuildPhase;
			buildActionMask = 2147483647;
			files = (
				5779419621CA6FB00081D443 /* ViewController.swift in Sources */,
				5779419421CA6FB00081D443 /* AppDelegate.swift in Sources */,
			);
			runOnlyForDeploymentPostprocessing = 0;
		};
		577941A021CA6FB40081D443 /* Sources */ = {
			isa = PBXSourcesBuildPhase;
			buildActionMask = 2147483647;
			files = (
				577941A921CA6FB40081D443 /* gitnewTests.swift in Sources */,
			);
			runOnlyForDeploymentPostprocessing = 0;
		};
		577941AB21CA6FB40081D443 /* Sources */ = {
			isa = PBXSourcesBuildPhase;
			buildActionMask = 2147483647;
			files = (
				577941B421CA6FB40081D443 /* gitnewUITests.swift in Sources */,
			);
			runOnlyForDeploymentPostprocessing = 0;
		};
/* End PBXSourcesBuildPhase section */

/* Begin PBXTargetDependency section */
		577941A621CA6FB40081D443 /* PBXTargetDependency */ = {
			isa = PBXTargetDependency;
			target = 5779418F21CA6FB00081D443 /* gitnew */;
			targetProxy = 577941A521CA6FB40081D443 /* PBXContainerItemProxy */;
		};
		577941B121CA6FB40081D443 /* PBXTargetDependency */ = {
			isa = PBXTargetDependency;
			target = 5779418F21CA6FB00081D443 /* gitnew */;
			targetProxy = 577941B021CA6FB40081D443 /* PBXContainerItemProxy */;
		};
/* End PBXTargetDependency section */

/* Begin PBXVariantGroup section */
		5779419721CA6FB00081D443 /* Main.storyboard */ = {
			isa = PBXVariantGroup;
			children = (
				5779419821CA6FB00081D443 /* Base */,
			);
			name = Main.storyboard;
			sourceTree = "<group>";
		};
		5779419C21CA6FB40081D443 /* LaunchScreen.storyboard */ = {
			isa = PBXVariantGroup;
			children = (
				5779419D21CA6FB40081D443 /* Base */,
			);
			name = LaunchScreen.storyboard;
			sourceTree = "<group>";
		};
/* End PBXVariantGroup section */

/* Begin XCBuildConfiguration section */
		577941B621CA6FB40081D443 /* Debug */ = {
			isa = XCBuildConfiguration;
			buildSettings = {
				ALWAYS_SEARCH_USER_PATHS = NO;
				CLANG_ANALYZER_NONNULL = YES;
				CLANG_ANALYZER_NUMBER_OBJECT_CONVERSION = YES_AGGRESSIVE;
				CLANG_CXX_LANGUAGE_STANDARD = "gnu++14";
				CLANG_CXX_LIBRARY = "libc++";
				CLANG_ENABLE_MODULES = YES;
				CLANG_ENABLE_OBJC_ARC = YES;
				CLANG_ENABLE_OBJC_WEAK = YES;
				CLANG_WARN_BLOCK_CAPTURE_AUTORELEASING = YES;
				CLANG_WARN_BOOL_CONVERSION = YES;
				CLANG_WARN_COMMA = YES;
				CLANG_WARN_CONSTANT_CONVERSION = YES;
				CLANG_WARN_DEPRECATED_OBJC_IMPLEMENTATIONS = YES;
				CLANG_WARN_DIRECT_OBJC_ISA_USAGE = YES_ERROR;
				CLANG_WARN_DOCUMENTATION_COMMENTS = YES;
				CLANG_WARN_EMPTY_BODY = YES;
				CLANG_WARN_ENUM_CONVERSION = YES;
				CLANG_WARN_INFINITE_RECURSION = YES;
				CLANG_WARN_INT_CONVERSION = YES;
				CLANG_WARN_NON_LITERAL_NULL_CONVERSION = YES;
				CLANG_WARN_OBJC_IMPLICIT_RETAIN_SELF = YES;
				CLANG_WARN_OBJC_LITERAL_CONVERSION = YES;
				CLANG_WARN_OBJC_ROOT_CLASS = YES_ERROR;
				CLANG_WARN_RANGE_LOOP_ANALYSIS = YES;
				CLANG_WARN_STRICT_PROTOTYPES = YES;
				CLANG_WARN_SUSPICIOUS_MOVE = YES;
				CLANG_WARN_UNGUARDED_AVAILABILITY = YES_AGGRESSIVE;
				CLANG_WARN_UNREACHABLE_CODE = YES;
				CLANG_WARN__DUPLICATE_METHOD_MATCH = YES;
				CODE_SIGN_IDENTITY = "iPhone Developer";
				COPY_PHASE_STRIP = NO;
				DEBUG_INFORMATION_FORMAT = dwarf;
				ENABLE_STRICT_OBJC_MSGSEND = YES;
				ENABLE_TESTABILITY = YES;
				GCC_C_LANGUAGE_STANDARD = gnu11;
				GCC_DYNAMIC_NO_PIC = NO;
				GCC_NO_COMMON_BLOCKS = YES;
				GCC_OPTIMIZATION_LEVEL = 0;
				GCC_PREPROCESSOR_DEFINITIONS = (
					"DEBUG=1",
					"$(inherited)",
				);
				GCC_WARN_64_TO_32_BIT_CONVERSION = YES;
				GCC_WARN_ABOUT_RETURN_TYPE = YES_ERROR;
				GCC_WARN_UNDECLARED_SELECTOR = YES;
				GCC_WARN_UNINITIALIZED_AUTOS = YES_AGGRESSIVE;
				GCC_WARN_UNUSED_FUNCTION = YES;
				GCC_WARN_UNUSED_VARIABLE = YES;
				IPHONEOS_DEPLOYMENT_TARGET = 11.4;
				MTL_ENABLE_DEBUG_INFO = YES;
				ONLY_ACTIVE_ARCH = YES;
				SDKROOT = iphoneos;
				SWIFT_ACTIVE_COMPILATION_CONDITIONS = DEBUG;
				SWIFT_OPTIMIZATION_LEVEL = "-Onone";
			};
			name = Debug;
		};
		577941B721CA6FB40081D443 /* Release */ = {
			isa = XCBuildConfiguration;
			buildSettings = {
				ALWAYS_SEARCH_USER_PATHS = NO;
				CLANG_ANALYZER_NONNULL = YES;
				CLANG_ANALYZER_NUMBER_OBJECT_CONVERSION = YES_AGGRESSIVE;
				CLANG_CXX_LANGUAGE_STANDARD = "gnu++14";
				CLANG_CXX_LIBRARY = "libc++";
				CLANG_ENABLE_MODULES = YES;
				CLANG_ENABLE_OBJC_ARC = YES;
				CLANG_ENABLE_OBJC_WEAK = YES;
				CLANG_WARN_BLOCK_CAPTURE_AUTORELEASING = YES;
				CLANG_WARN_BOOL_CONVERSION = YES;
				CLANG_WARN_COMMA = YES;
				CLANG_WARN_CONSTANT_CONVERSION = YES;
				CLANG_WARN_DEPRECATED_OBJC_IMPLEMENTATIONS = YES;
				CLANG_WARN_DIRECT_OBJC_ISA_USAGE = YES_ERROR;
				CLANG_WARN_DOCUMENTATION_COMMENTS = YES;
				CLANG_WARN_EMPTY_BODY = YES;
				CLANG_WARN_ENUM_CONVERSION = YES;
				CLANG_WARN_INFINITE_RECURSION = YES;
				CLANG_WARN_INT_CONVERSION = YES;
				CLANG_WARN_NON_LITERAL_NULL_CONVERSION = YES;
				CLANG_WARN_OBJC_IMPLICIT_RETAIN_SELF = YES;
				CLANG_WARN_OBJC_LITERAL_CONVERSION = YES;
				CLANG_WARN_OBJC_ROOT_CLASS = YES_ERROR;
				CLANG_WARN_RANGE_LOOP_ANALYSIS = YES;
				CLANG_WARN_STRICT_PROTOTYPES = YES;
				CLANG_WARN_SUSPICIOUS_MOVE = YES;
				CLANG_WARN_UNGUARDED_AVAILABILITY = YES_AGGRESSIVE;
				CLANG_WARN_UNREACHABLE_CODE = YES;
				CLANG_WARN__DUPLICATE_METHOD_MATCH = YES;
				CODE_SIGN_IDENTITY = "iPhone Developer";
				COPY_PHASE_STRIP = NO;
				DEBUG_INFORMATION_FORMAT = "dwarf-with-dsym";
				ENABLE_NS_ASSERTIONS = NO;
				ENABLE_STRICT_OBJC_MSGSEND = YES;
				GCC_C_LANGUAGE_STANDARD = gnu11;
				GCC_NO_COMMON_BLOCKS = YES;
				GCC_WARN_64_TO_32_BIT_CONVERSION = YES;
				GCC_WARN_ABOUT_RETURN_TYPE = YES_ERROR;
				GCC_WARN_UNDECLARED_SELECTOR = YES;
				GCC_WARN_UNINITIALIZED_AUTOS = YES_AGGRESSIVE;
				GCC_WARN_UNUSED_FUNCTION = YES;
				GCC_WARN_UNUSED_VARIABLE = YES;
				IPHONEOS_DEPLOYMENT_TARGET = 11.4;
				MTL_ENABLE_DEBUG_INFO = NO;
				SDKROOT = iphoneos;
				SWIFT_COMPILATION_MODE = wholemodule;
				SWIFT_OPTIMIZATION_LEVEL = "-O";
				VALIDATE_PRODUCT = YES;
			};
			name = Release;
		};
		577941B921CA6FB40081D443 /* Debug */ = {
			isa = XCBuildConfiguration;
			buildSettings = {
				ASSETCATALOG_COMPILER_APPICON_NAME = AppIcon;
				CODE_SIGN_STYLE = Automatic;
				INFOPLIST_FILE = gitnew/Info.plist;
				LD_RUNPATH_SEARCH_PATHS = (
					"$(inherited)",
					"@executable_path/Frameworks",
				);
				PRODUCT_BUNDLE_IDENTIFIER = net.saranga.gitnew;
				PRODUCT_NAME = "$(TARGET_NAME)";
				SWIFT_VERSION = 4.0;
				TARGETED_DEVICE_FAMILY = "1,2";
			};
			name = Debug;
		};
		577941BA21CA6FB40081D443 /* Release */ = {
			isa = XCBuildConfiguration;
			buildSettings = {
				ASSETCATALOG_COMPILER_APPICON_NAME = AppIcon;
				CODE_SIGN_STYLE = Automatic;
				INFOPLIST_FILE = gitnew/Info.plist;
				LD_RUNPATH_SEARCH_PATHS = (
					"$(inherited)",
					"@executable_path/Frameworks",
				);
				PRODUCT_BUNDLE_IDENTIFIER = net.saranga.gitnew;
				PRODUCT_NAME = "$(TARGET_NAME)";
				SWIFT_VERSION = 4.0;
				TARGETED_DEVICE_FAMILY = "1,2";
			};
			name = Release;
		};
		577941BC21CA6FB40081D443 /* Debug */ = {
			isa = XCBuildConfiguration;
			buildSettings = {
				ALWAYS_EMBED_SWIFT_STANDARD_LIBRARIES = YES;
				BUNDLE_LOADER = "$(TEST_HOST)";
				CODE_SIGN_STYLE = Automatic;
				INFOPLIST_FILE = gitnewTests/Info.plist;
				LD_RUNPATH_SEARCH_PATHS = (
					"$(inherited)",
					"@executable_path/Frameworks",
					"@loader_path/Frameworks",
				);
				PRODUCT_BUNDLE_IDENTIFIER = net.saranga.gitnewTests;
				PRODUCT_NAME = "$(TARGET_NAME)";
				SWIFT_VERSION = 4.0;
				TARGETED_DEVICE_FAMILY = "1,2";
				TEST_HOST = "$(BUILT_PRODUCTS_DIR)/gitnew.app/gitnew";
			};
			name = Debug;
		};
		577941BD21CA6FB40081D443 /* Release */ = {
			isa = XCBuildConfiguration;
			buildSettings = {
				ALWAYS_EMBED_SWIFT_STANDARD_LIBRARIES = YES;
				BUNDLE_LOADER = "$(TEST_HOST)";
				CODE_SIGN_STYLE = Automatic;
				INFOPLIST_FILE = gitnewTests/Info.plist;
				LD_RUNPATH_SEARCH_PATHS = (
					"$(inherited)",
					"@executable_path/Frameworks",
					"@loader_path/Frameworks",
				);
				PRODUCT_BUNDLE_IDENTIFIER = net.saranga.gitnewTests;
				PRODUCT_NAME = "$(TARGET_NAME)";
				SWIFT_VERSION = 4.0;
				TARGETED_DEVICE_FAMILY = "1,2";
				TEST_HOST = "$(BUILT_PRODUCTS_DIR)/gitnew.app/gitnew";
			};
			name = Release;
		};
		577941BF21CA6FB40081D443 /* Debug */ = {
			isa = XCBuildConfiguration;
			buildSettings = {
				ALWAYS_EMBED_SWIFT_STANDARD_LIBRARIES = YES;
				CODE_SIGN_STYLE = Automatic;
				INFOPLIST_FILE = gitnewUITests/Info.plist;
				LD_RUNPATH_SEARCH_PATHS = (
					"$(inherited)",
					"@executable_path/Frameworks",
					"@loader_path/Frameworks",
				);
				PRODUCT_BUNDLE_IDENTIFIER = net.saranga.gitnewUITests;
				PRODUCT_NAME = "$(TARGET_NAME)";
				SWIFT_VERSION = 4.0;
				TARGETED_DEVICE_FAMILY = "1,2";
				TEST_TARGET_NAME = gitnew;
			};
			name = Debug;
		};
		577941C021CA6FB40081D443 /* Release */ = {
			isa = XCBuildConfiguration;
			buildSettings = {
				ALWAYS_EMBED_SWIFT_STANDARD_LIBRARIES = YES;
				CODE_SIGN_STYLE = Automatic;
				INFOPLIST_FILE = gitnewUITests/Info.plist;
				LD_RUNPATH_SEARCH_PATHS = (
					"$(inherited)",
					"@executable_path/Frameworks",
					"@loader_path/Frameworks",
				);
				PRODUCT_BUNDLE_IDENTIFIER = net.saranga.gitnewUITests;
				PRODUCT_NAME = "$(TARGET_NAME)";
				SWIFT_VERSION = 4.0;
				TARGETED_DEVICE_FAMILY = "1,2";
				TEST_TARGET_NAME = gitnew;
			};
			name = Release;
		};
/* End XCBuildConfiguration section */

/* Begin XCConfigurationList section */
		5779418B21CA6FB00081D443 /* Build configuration list for PBXProject "gitnew" */ = {
			isa = XCConfigurationList;
			buildConfigurations = (
				577941B621CA6FB40081D443 /* Debug */,
				577941B721CA6FB40081D443 /* Release */,
			);
			defaultConfigurationIsVisible = 0;
			defaultConfigurationName = Release;
		};
		577941B821CA6FB40081D443 /* Build configuration list for PBXNativeTarget "gitnew" */ = {
			isa = XCConfigurationList;
			buildConfigurations = (
				577941B921CA6FB40081D443 /* Debug */,
				577941BA21CA6FB40081D443 /* Release */,
			);
			defaultConfigurationIsVisible = 0;
			defaultConfigurationName = Release;
		};
		577941BB21CA6FB40081D443 /* Build configuration list for PBXNativeTarget "gitnewTests" */ = {
			isa = XCConfigurationList;
			buildConfigurations = (
				577941BC21CA6FB40081D443 /* Debug */,
				577941BD21CA6FB40081D443 /* Release */,
			);
			defaultConfigurationIsVisible = 0;
			defaultConfigurationName = Release;
		};
		577941BE21CA6FB40081D443 /* Build configuration list for PBXNativeTarget "gitnewUITests" */ = {
			isa = XCConfigurationList;
			buildConfigurations = (
				577941BF21CA6FB40081D443 /* Debug */,
				577941C021CA6FB40081D443 /* Release */,
			);
			defaultConfigurationIsVisible = 0;
			defaultConfigurationName = Release;
		};
/* End XCConfigurationList section */
	};
	rootObject = 5779418821CA6FB00081D443 /* Project object */;
}
